
Microsoft Visual Studio Solution File, Format Version 12.00
# Visual Studio Version 17
VisualStudioVersion = 17.7.34221.43
MinimumVisualStudioVersion = 10.0.40219.1
Project("{FAE04EC0-301F-11D3-BF4B-00C04F79EFBC}") = "Apirestbilling", "Apirestbilling\Apirestbilling.csproj", "{D7EADD14-0D5C-4826-9890-BDC2B5B7458D}"
EndProject
Global
	GlobalSection(SolutionConfigurationPlatforms) = preSolution
		Debug|Any CPU = Debug|Any CPU
		Release|Any CPU = Release|Any CPU
	EndGlobalSection
	GlobalSection(ProjectConfigurationPlatforms) = postSolution
		{D7EADD14-0D5C-4826-9890-BDC2B5B7458D}.Debug|Any CPU.ActiveCfg = Debug|Any CPU
		{D7EADD14-0D5C-4826-9890-BDC2B5B7458D}.Debug|Any CPU.Build.0 = Debug|Any CPU
		{D7EADD14-0D5C-4826-9890-BDC2B5B7458D}.Release|Any CPU.ActiveCfg = Release|Any CPU
		{D7EADD14-0D5C-4826-9890-BDC2B5B7458D}.Release|Any CPU.Build.0 = Release|Any CPU
	EndGlobalSection
	GlobalSection(SolutionProperties) = preSolution
		HideSolutionNode = FALSE
	EndGlobalSection
	GlobalSection(ExtensibilityGlobals) = postSolution
		SolutionGuid = {3463ECC1-9203-4353-A70C-565D79969A1A}
	EndGlobalSection
EndGlobal
